
Microsoft Visual Studio Solution File, Format Version 12.00
# Visual Studio 15
VisualStudioVersion = 15.0.26730.15
MinimumVisualStudioVersion = 10.0.40219.1
Project("{FAE04EC0-301F-11D3-BF4B-00C04F79EFBC}") = "HttpServer", "HttpServer\HttpServer.csproj", "{C802DBD2-886A-487D-8BA9-537801C240EA}"
EndProject
Project("{FAE04EC0-301F-11D3-BF4B-00C04F79EFBC}") = "HttpServer.Tests", "HttpServer.Tests\HttpServer.Tests.csproj", "{1BE1466B-6D15-4F4E-BD34-F2C57FBDE313}"
EndProject
Global
	GlobalSection(SolutionConfigurationPlatforms) = preSolution
		Debug|Any CPU = Debug|Any CPU
		Release|Any CPU = Release|Any CPU
	EndGlobalSection
	GlobalSection(ProjectConfigurationPlatforms) = postSolution
		{C802DBD2-886A-487D-8BA9-537801C240EA}.Debug|Any CPU.ActiveCfg = Debug|Any CPU
		{C802DBD2-886A-487D-8BA9-537801C240EA}.Debug|Any CPU.Build.0 = Debug|Any CPU
		{C802DBD2-886A-487D-8BA9-537801C240EA}.Release|Any CPU.ActiveCfg = Release|Any CPU
		{C802DBD2-886A-487D-8BA9-537801C240EA}.Release|Any CPU.Build.0 = Release|Any CPU
		{1BE1466B-6D15-4F4E-BD34-F2C57FBDE313}.Debug|Any CPU.ActiveCfg = Debug|Any CPU
		{1BE1466B-6D15-4F4E-BD34-F2C57FBDE313}.Debug|Any CPU.Build.0 = Debug|Any CPU
		{1BE1466B-6D15-4F4E-BD34-F2C57FBDE313}.Release|Any CPU.ActiveCfg = Release|Any CPU
		{1BE1466B-6D15-4F4E-BD34-F2C57FBDE313}.Release|Any CPU.Build.0 = Release|Any CPU
	EndGlobalSection
	GlobalSection(SolutionProperties) = preSolution
		HideSolutionNode = FALSE
	EndGlobalSection
	GlobalSection(ExtensibilityGlobals) = postSolution
		SolutionGuid = {5A914C12-C04E-4872-A880-937E8E2CC2CC}
	EndGlobalSection
EndGlobal
